
Microsoft Visual Studio Solution File, Format Version 12.00
# Visual Studio Version 16
VisualStudioVersion = 16.0.28822.285
MinimumVisualStudioVersion = 10.0.40219.1
Project("{2150E333-8FDC-42A3-9474-1A3956D46DE8}") = "Examples", "Examples", "{174ED7D9-A558-4199-93EC-23CE952F4377}"
EndProject
Project("{FAE04EC0-301F-11D3-BF4B-00C04F79EFBC}") = "Test", "Test\Test.csproj", "{3D6FD074-B626-46AA-A49F-F03D2A76BE01}"
EndProject
Project("{2150E333-8FDC-42A3-9474-1A3956D46DE8}") = "Solution Items", "Solution Items", "{55B462D3-77F4-41F8-B3B2-FE936705B626}"
	ProjectSection(SolutionItems) = preProject
		KwCombinatorics.vsmdi = KwCombinatorics.vsmdi
		TestForCoverage.testsettings = TestForCoverage.testsettings
		TestForImpact.testsettings = TestForImpact.testsettings
		TestNoInstrumentation.testsettings = TestNoInstrumentation.testsettings
	EndProjectSection
EndProject
Project("{FAE04EC0-301F-11D3-BF4B-00C04F79EFBC}") = "KwCombinatorics", "KwCombinatorics\KwCombinatorics.csproj", "{6A1CAF3C-129B-4069-980D-6795FDEDA6CF}"
EndProject
Project("{2150E333-8FDC-42A3-9474-1A3956D46DE8}") = "Queens", "Queens", "{9D8DB651-FD14-4E1F-A8E1-AF0AACE2AC6D}"
EndProject
Project("{FAE04EC0-301F-11D3-BF4B-00C04F79EFBC}") = "CnLudicrous", "Examples\Queens\CnLudicrous\CnLudicrous.csproj", "{C5654B24-2C9E-4372-A965-0AFF3F3000CA}"
EndProject
Project("{FAE04EC0-301F-11D3-BF4B-00C04F79EFBC}") = "PnBacktrack", "Examples\Queens\PnBacktrack\PnBacktrack.csproj", "{63288B59-405E-42F7-B99D-067531AF1723}"
EndProject
Project("{FAE04EC0-301F-11D3-BF4B-00C04F79EFBC}") = "PnRooksFirst", "Examples\Queens\PnRooksFirst\PnRooksFirst.csproj", "{6D07748B-BCE6-4298-829F-9A3666092442}"
EndProject
Project("{FAE04EC0-301F-11D3-BF4B-00C04F79EFBC}") = "PtBruteForce", "Examples\Queens\PtBruteForce\PtBruteForce.csproj", "{662B3A4B-F670-46F8-8F65-0388EB51C583}"
EndProject
Project("{2150E333-8FDC-42A3-9474-1A3956D46DE8}") = "Combination", "Combination", "{E120F353-BBD1-4A70-9D37-C8602B8F1746}"
EndProject
Project("{2150E333-8FDC-42A3-9474-1A3956D46DE8}") = "Multicombination", "Multicombination", "{4998329C-96B6-4215-A05C-7BBB67DCA72E}"
EndProject
Project("{2150E333-8FDC-42A3-9474-1A3956D46DE8}") = "Permutation", "Permutation", "{BF3C2733-F73E-41A2-B0C5-763AE987CF60}"
EndProject
Project("{2150E333-8FDC-42A3-9474-1A3956D46DE8}") = "Product", "Product", "{519AA828-7637-4EA7-85F0-02AF76E36E60}"
EndProject
Project("{FAE04EC0-301F-11D3-BF4B-00C04F79EFBC}") = "CnExample01", "Examples\Combination\CnExample01\CnExample01.csproj", "{0944AD2A-8B17-4D94-AFD6-5D39481EE28A}"
EndProject
Project("{FAE04EC0-301F-11D3-BF4B-00C04F79EFBC}") = "CnExample02", "Examples\Combination\CnExample02\CnExample02.csproj", "{9BD7CEC3-32F9-4834-9D9C-15724E126841}"
EndProject
Project("{FAE04EC0-301F-11D3-BF4B-00C04F79EFBC}") = "CnExample03", "Examples\Combination\CnExample03\CnExample03.csproj", "{0A8CF150-EE08-4FEF-B18B-FFEF7CB65320}"
EndProject
Project("{FAE04EC0-301F-11D3-BF4B-00C04F79EFBC}") = "CnExample04", "Examples\Combination\CnExample04\CnExample04.csproj", "{808C9F3F-EA69-4A0F-BA03-2504AF3E7F7D}"
EndProject
Project("{FAE04EC0-301F-11D3-BF4B-00C04F79EFBC}") = "CnExample05", "Examples\Combination\CnExample05\CnExample05.csproj", "{B15D44D4-3713-448B-A90F-58ADFF58AD4E}"
EndProject
Project("{FAE04EC0-301F-11D3-BF4B-00C04F79EFBC}") = "McExample01", "Examples\Multicombination\McExample01\McExample01.csproj", "{25A76B3A-2E74-4EE7-9028-B7F8C479CBCD}"
EndProject
Project("{FAE04EC0-301F-11D3-BF4B-00C04F79EFBC}") = "McExample02", "Examples\Multicombination\McExample02\McExample02.csproj", "{FDC5BF97-D46E-4EBA-8BA4-30D648CBE2A4}"
EndProject
Project("{FAE04EC0-301F-11D3-BF4B-00C04F79EFBC}") = "McExample03", "Examples\Multicombination\McExample03\McExample03.csproj", "{95B4D659-581D-4239-BE1E-3A4D830A39EC}"
EndProject
Project("{FAE04EC0-301F-11D3-BF4B-00C04F79EFBC}") = "McExample04", "Examples\Multicombination\McExample04\McExample04.csproj", "{378E45BD-B18B-4057-BDF5-CF2CDE1175CB}"
EndProject
Project("{FAE04EC0-301F-11D3-BF4B-00C04F79EFBC}") = "McExample05", "Examples\Multicombination\McExample05\McExample05.csproj", "{A7B94296-2CB4-460B-8E68-3B967EEB67DB}"
EndProject
Project("{FAE04EC0-301F-11D3-BF4B-00C04F79EFBC}") = "PnExample01", "Examples\Permutation\PnExample01\PnExample01.csproj", "{467EC1B3-031C-456D-8936-27F9FA0AC5B5}"
EndProject
Project("{FAE04EC0-301F-11D3-BF4B-00C04F79EFBC}") = "PnExample02", "Examples\Permutation\PnExample02\PnExample02.csproj", "{652FD067-FF9B-4E35-9236-07A31FE7675A}"
EndProject
Project("{FAE04EC0-301F-11D3-BF4B-00C04F79EFBC}") = "PnExample03", "Examples\Permutation\PnExample03\PnExample03.csproj", "{BD8EDC99-62CE-4018-9C03-0C084271F796}"
EndProject
Project("{FAE04EC0-301F-11D3-BF4B-00C04F79EFBC}") = "PnExample04", "Examples\Permutation\PnExample04\PnExample04.csproj", "{31FEE58C-73A9-4D26-9F6B-53CDF71B777A}"
EndProject
Project("{FAE04EC0-301F-11D3-BF4B-00C04F79EFBC}") = "PnExample05", "Examples\Permutation\PnExample05\PnExample05.csproj", "{2FF1CBFC-F7D9-40ED-808A-729FE51D85CD}"
EndProject
Project("{FAE04EC0-301F-11D3-BF4B-00C04F79EFBC}") = "PtExample01", "Examples\Product\PtExample01\PtExample01.csproj", "{62D65892-F9B2-4F7D-B100-D5AFD5A0C4E6}"
EndProject
Project("{FAE04EC0-301F-11D3-BF4B-00C04F79EFBC}") = "PtExample02", "Examples\Product\PtExample02\PtExample02.csproj", "{216EBD7F-B656-486C-BA9D-3DB55CB969C8}"
EndProject
Project("{FAE04EC0-301F-11D3-BF4B-00C04F79EFBC}") = "PtExample03", "Examples\Product\PtExample03\PtExample03.csproj", "{61C473F5-B966-43B5-81DB-129EBFBB1923}"
EndProject
Project("{FAE04EC0-301F-11D3-BF4B-00C04F79EFBC}") = "PtExample04", "Examples\Product\PtExample04\PtExample04.csproj", "{6DBF5D0E-3EB2-4913-865D-FF9DE866AFD4}"
EndProject
Project("{FAE04EC0-301F-11D3-BF4B-00C04F79EFBC}") = "PtExample05", "Examples\Product\PtExample05\PtExample05.csproj", "{00AABDEC-4F14-44AE-8801-6EAFA7C9EC93}"
EndProject
Project("{2150E333-8FDC-42A3-9474-1A3956D46DE8}") = "Bench", "Bench", "{AFB5265B-5F3B-49F3-8644-CE4B595C1D0E}"
EndProject
Project("{FAE04EC0-301F-11D3-BF4B-00C04F79EFBC}") = "BinCoBench01", "Bench\BinCoBench01\BinCoBench01.csproj", "{D0A1BA2E-A1E6-4A6F-9C84-9952825C49E9}"
EndProject
Project("{FAE04EC0-301F-11D3-BF4B-00C04F79EFBC}") = "PnRooksFirstSlim", "Examples\Queens\PnRooksFirstSlim\PnRooksFirstSlim.csproj", "{4D7D9BFC-64A1-40A7-9B8F-2E5F4C623E73}"
EndProject
Project("{FAE04EC0-301F-11D3-BF4B-00C04F79EFBC}") = "PnBacktrackSlim", "Examples\Queens\PnBacktrackSlim\PnBacktrackSlim.csproj", "{4BC241E2-A821-49D0-AEB2-04B2E7062CAE}"
EndProject
Project("{FAE04EC0-301F-11D3-BF4B-00C04F79EFBC}") = "PtBruteForceSlim", "Examples\Queens\PtBruteForceSlim\PtBruteForceSlim.csproj", "{2FBC571B-7129-48EA-BDC3-34B295B14CBD}"
EndProject
Project("{FAE04EC0-301F-11D3-BF4B-00C04F79EFBC}") = "PnExample06", "Examples\Permutation\PnExample06\PnExample06.csproj", "{084E3E4D-D78D-4A9A-A8B2-C80911711736}"
EndProject
Project("{FAE04EC0-301F-11D3-BF4B-00C04F79EFBC}") = "PnExample07", "Examples\Permutation\PnExample07\PnExample07.csproj", "{98BC921F-0198-4DA0-8CDB-515017A350CD}"
EndProject
Global
	GlobalSection(SolutionConfigurationPlatforms) = preSolution
		Debug|Any CPU = Debug|Any CPU
		Debug|Mixed Platforms = Debug|Mixed Platforms
		Debug|x86 = Debug|x86
		Release|Any CPU = Release|Any CPU
		Release|Mixed Platforms = Release|Mixed Platforms
		Release|x86 = Release|x86
	EndGlobalSection
	GlobalSection(ProjectConfigurationPlatforms) = postSolution
		{3D6FD074-B626-46AA-A49F-F03D2A76BE01}.Debug|Any CPU.ActiveCfg = Debug|Any CPU
		{3D6FD074-B626-46AA-A49F-F03D2A76BE01}.Debug|Any CPU.Build.0 = Debug|Any CPU
		{3D6FD074-B626-46AA-A49F-F03D2A76BE01}.Debug|Mixed Platforms.ActiveCfg = Debug|Any CPU
		{3D6FD074-B626-46AA-A49F-F03D2A76BE01}.Debug|Mixed Platforms.Build.0 = Debug|Any CPU
		{3D6FD074-B626-46AA-A49F-F03D2A76BE01}.Debug|x86.ActiveCfg = Debug|Any CPU
		{3D6FD074-B626-46AA-A49F-F03D2A76BE01}.Release|Any CPU.ActiveCfg = Release|Any CPU
		{3D6FD074-B626-46AA-A49F-F03D2A76BE01}.Release|Any CPU.Build.0 = Release|Any CPU
		{3D6FD074-B626-46AA-A49F-F03D2A76BE01}.Release|Mixed Platforms.ActiveCfg = Release|Any CPU
		{3D6FD074-B626-46AA-A49F-F03D2A76BE01}.Release|Mixed Platforms.Build.0 = Release|Any CPU
		{3D6FD074-B626-46AA-A49F-F03D2A76BE01}.Release|x86.ActiveCfg = Release|Any CPU
		{6A1CAF3C-129B-4069-980D-6795FDEDA6CF}.Debug|Any CPU.ActiveCfg = Debug|Any CPU
		{6A1CAF3C-129B-4069-980D-6795FDEDA6CF}.Debug|Any CPU.Build.0 = Debug|Any CPU
		{6A1CAF3C-129B-4069-980D-6795FDEDA6CF}.Debug|Mixed Platforms.ActiveCfg = Debug|Any CPU
		{6A1CAF3C-129B-4069-980D-6795FDEDA6CF}.Debug|Mixed Platforms.Build.0 = Debug|Any CPU
		{6A1CAF3C-129B-4069-980D-6795FDEDA6CF}.Debug|x86.ActiveCfg = Debug|Any CPU
		{6A1CAF3C-129B-4069-980D-6795FDEDA6CF}.Release|Any CPU.ActiveCfg = Release|Any CPU
		{6A1CAF3C-129B-4069-980D-6795FDEDA6CF}.Release|Any CPU.Build.0 = Release|Any CPU
		{6A1CAF3C-129B-4069-980D-6795FDEDA6CF}.Release|Mixed Platforms.ActiveCfg = Release|Any CPU
		{6A1CAF3C-129B-4069-980D-6795FDEDA6CF}.Release|Mixed Platforms.Build.0 = Release|Any CPU
		{6A1CAF3C-129B-4069-980D-6795FDEDA6CF}.Release|x86.ActiveCfg = Release|Any CPU
		{C5654B24-2C9E-4372-A965-0AFF3F3000CA}.Debug|Any CPU.ActiveCfg = Debug|x86
		{C5654B24-2C9E-4372-A965-0AFF3F3000CA}.Debug|Mixed Platforms.ActiveCfg = Debug|x86
		{C5654B24-2C9E-4372-A965-0AFF3F3000CA}.Debug|Mixed Platforms.Build.0 = Debug|x86
		{C5654B24-2C9E-4372-A965-0AFF3F3000CA}.Debug|x86.ActiveCfg = Debug|x86
		{C5654B24-2C9E-4372-A965-0AFF3F3000CA}.Debug|x86.Build.0 = Debug|x86
		{C5654B24-2C9E-4372-A965-0AFF3F3000CA}.Release|Any CPU.ActiveCfg = Release|x86
		{C5654B24-2C9E-4372-A965-0AFF3F3000CA}.Release|Mixed Platforms.ActiveCfg = Release|x86
		{C5654B24-2C9E-4372-A965-0AFF3F3000CA}.Release|Mixed Platforms.Build.0 = Release|x86
		{C5654B24-2C9E-4372-A965-0AFF3F3000CA}.Release|x86.ActiveCfg = Release|x86
		{C5654B24-2C9E-4372-A965-0AFF3F3000CA}.Release|x86.Build.0 = Release|x86
		{63288B59-405E-42F7-B99D-067531AF1723}.Debug|Any CPU.ActiveCfg = Debug|x86
		{63288B59-405E-42F7-B99D-067531AF1723}.Debug|Mixed Platforms.ActiveCfg = Debug|x86
		{63288B59-405E-42F7-B99D-067531AF1723}.Debug|Mixed Platforms.Build.0 = Debug|x86
		{63288B59-405E-42F7-B99D-067531AF1723}.Debug|x86.ActiveCfg = Debug|x86
		{63288B59-405E-42F7-B99D-067531AF1723}.Debug|x86.Build.0 = Debug|x86
		{63288B59-405E-42F7-B99D-067531AF1723}.Release|Any CPU.ActiveCfg = Release|x86
		{63288B59-405E-42F7-B99D-067531AF1723}.Release|Mixed Platforms.ActiveCfg = Release|x86
		{63288B59-405E-42F7-B99D-067531AF1723}.Release|Mixed Platforms.Build.0 = Release|x86
		{63288B59-405E-42F7-B99D-067531AF1723}.Release|x86.ActiveCfg = Release|x86
		{63288B59-405E-42F7-B99D-067531AF1723}.Release|x86.Build.0 = Release|x86
		{6D07748B-BCE6-4298-829F-9A3666092442}.Debug|Any CPU.ActiveCfg = Debug|x86
		{6D07748B-BCE6-4298-829F-9A3666092442}.Debug|Mixed Platforms.ActiveCfg = Debug|x86
		{6D07748B-BCE6-4298-829F-9A3666092442}.Debug|Mixed Platforms.Build.0 = Debug|x86
		{6D07748B-BCE6-4298-829F-9A3666092442}.Debug|x86.ActiveCfg = Debug|x86
		{6D07748B-BCE6-4298-829F-9A3666092442}.Debug|x86.Build.0 = Debug|x86
		{6D07748B-BCE6-4298-829F-9A3666092442}.Release|Any CPU.ActiveCfg = Release|x86
		{6D07748B-BCE6-4298-829F-9A3666092442}.Release|Mixed Platforms.ActiveCfg = Release|x86
		{6D07748B-BCE6-4298-829F-9A3666092442}.Release|Mixed Platforms.Build.0 = Release|x86
		{6D07748B-BCE6-4298-829F-9A3666092442}.Release|x86.ActiveCfg = Release|x86
		{6D07748B-BCE6-4298-829F-9A3666092442}.Release|x86.Build.0 = Release|x86
		{662B3A4B-F670-46F8-8F65-0388EB51C583}.Debug|Any CPU.ActiveCfg = Debug|x86
		{662B3A4B-F670-46F8-8F65-0388EB51C583}.Debug|Mixed Platforms.ActiveCfg = Debug|x86
		{662B3A4B-F670-46F8-8F65-0388EB51C583}.Debug|Mixed Platforms.Build.0 = Debug|x86
		{662B3A4B-F670-46F8-8F65-0388EB51C583}.Debug|x86.ActiveCfg = Debug|x86
		{662B3A4B-F670-46F8-8F65-0388EB51C583}.Debug|x86.Build.0 = Debug|x86
		{662B3A4B-F670-46F8-8F65-0388EB51C583}.Release|Any CPU.ActiveCfg = Release|x86
		{662B3A4B-F670-46F8-8F65-0388EB51C583}.Release|Mixed Platforms.ActiveCfg = Release|x86
		{662B3A4B-F670-46F8-8F65-0388EB51C583}.Release|Mixed Platforms.Build.0 = Release|x86
		{662B3A4B-F670-46F8-8F65-0388EB51C583}.Release|x86.ActiveCfg = Release|x86
		{662B3A4B-F670-46F8-8F65-0388EB51C583}.Release|x86.Build.0 = Release|x86
		{0944AD2A-8B17-4D94-AFD6-5D39481EE28A}.Debug|Any CPU.ActiveCfg = Debug|x86
		{0944AD2A-8B17-4D94-AFD6-5D39481EE28A}.Debug|Mixed Platforms.ActiveCfg = Debug|x86
		{0944AD2A-8B17-4D94-AFD6-5D39481EE28A}.Debug|Mixed Platforms.Build.0 = Debug|x86
		{0944AD2A-8B17-4D94-AFD6-5D39481EE28A}.Debug|x86.ActiveCfg = Debug|x86
		{0944AD2A-8B17-4D94-AFD6-5D39481EE28A}.Debug|x86.Build.0 = Debug|x86
		{0944AD2A-8B17-4D94-AFD6-5D39481EE28A}.Release|Any CPU.ActiveCfg = Release|x86
		{0944AD2A-8B17-4D94-AFD6-5D39481EE28A}.Release|Mixed Platforms.ActiveCfg = Release|x86
		{0944AD2A-8B17-4D94-AFD6-5D39481EE28A}.Release|Mixed Platforms.Build.0 = Release|x86
		{0944AD2A-8B17-4D94-AFD6-5D39481EE28A}.Release|x86.ActiveCfg = Release|x86
		{0944AD2A-8B17-4D94-AFD6-5D39481EE28A}.Release|x86.Build.0 = Release|x86
		{9BD7CEC3-32F9-4834-9D9C-15724E126841}.Debug|Any CPU.ActiveCfg = Debug|x86
		{9BD7CEC3-32F9-4834-9D9C-15724E126841}.Debug|Mixed Platforms.ActiveCfg = Debug|x86
		{9BD7CEC3-32F9-4834-9D9C-15724E126841}.Debug|Mixed Platforms.Build.0 = Debug|x86
		{9BD7CEC3-32F9-4834-9D9C-15724E126841}.Debug|x86.ActiveCfg = Debug|x86
		{9BD7CEC3-32F9-4834-9D9C-15724E126841}.Debug|x86.Build.0 = Debug|x86
		{9BD7CEC3-32F9-4834-9D9C-15724E126841}.Release|Any CPU.ActiveCfg = Release|x86
		{9BD7CEC3-32F9-4834-9D9C-15724E126841}.Release|Mixed Platforms.ActiveCfg = Release|x86
		{9BD7CEC3-32F9-4834-9D9C-15724E126841}.Release|Mixed Platforms.Build.0 = Release|x86
		{9BD7CEC3-32F9-4834-9D9C-15724E126841}.Release|x86.ActiveCfg = Release|x86
		{9BD7CEC3-32F9-4834-9D9C-15724E126841}.Release|x86.Build.0 = Release|x86
		{0A8CF150-EE08-4FEF-B18B-FFEF7CB65320}.Debug|Any CPU.ActiveCfg = Debug|x86
		{0A8CF150-EE08-4FEF-B18B-FFEF7CB65320}.Debug|Mixed Platforms.ActiveCfg = Debug|x86
		{0A8CF150-EE08-4FEF-B18B-FFEF7CB65320}.Debug|Mixed Platforms.Build.0 = Debug|x86
		{0A8CF150-EE08-4FEF-B18B-FFEF7CB65320}.Debug|x86.ActiveCfg = Debug|x86
		{0A8CF150-EE08-4FEF-B18B-FFEF7CB65320}.Debug|x86.Build.0 = Debug|x86
		{0A8CF150-EE08-4FEF-B18B-FFEF7CB65320}.Release|Any CPU.ActiveCfg = Release|x86
		{0A8CF150-EE08-4FEF-B18B-FFEF7CB65320}.Release|Mixed Platforms.ActiveCfg = Release|x86
		{0A8CF150-EE08-4FEF-B18B-FFEF7CB65320}.Release|Mixed Platforms.Build.0 = Release|x86
		{0A8CF150-EE08-4FEF-B18B-FFEF7CB65320}.Release|x86.ActiveCfg = Release|x86
		{0A8CF150-EE08-4FEF-B18B-FFEF7CB65320}.Release|x86.Build.0 = Release|x86
		{808C9F3F-EA69-4A0F-BA03-2504AF3E7F7D}.Debug|Any CPU.ActiveCfg = Debug|x86
		{808C9F3F-EA69-4A0F-BA03-2504AF3E7F7D}.Debug|Mixed Platforms.ActiveCfg = Debug|x86
		{808C9F3F-EA69-4A0F-BA03-2504AF3E7F7D}.Debug|Mixed Platforms.Build.0 = Debug|x86
		{808C9F3F-EA69-4A0F-BA03-2504AF3E7F7D}.Debug|x86.ActiveCfg = Debug|x86
		{808C9F3F-EA69-4A0F-BA03-2504AF3E7F7D}.Debug|x86.Build.0 = Debug|x86
		{808C9F3F-EA69-4A0F-BA03-2504AF3E7F7D}.Release|Any CPU.ActiveCfg = Release|x86
		{808C9F3F-EA69-4A0F-BA03-2504AF3E7F7D}.Release|Mixed Platforms.ActiveCfg = Release|x86
		{808C9F3F-EA69-4A0F-BA03-2504AF3E7F7D}.Release|Mixed Platforms.Build.0 = Release|x86
		{808C9F3F-EA69-4A0F-BA03-2504AF3E7F7D}.Release|x86.ActiveCfg = Release|x86
		{808C9F3F-EA69-4A0F-BA03-2504AF3E7F7D}.Release|x86.Build.0 = Release|x86
		{B15D44D4-3713-448B-A90F-58ADFF58AD4E}.Debug|Any CPU.ActiveCfg = Debug|x86
		{B15D44D4-3713-448B-A90F-58ADFF58AD4E}.Debug|Mixed Platforms.ActiveCfg = Debug|x86
		{B15D44D4-3713-448B-A90F-58ADFF58AD4E}.Debug|Mixed Platforms.Build.0 = Debug|x86
		{B15D44D4-3713-448B-A90F-58ADFF58AD4E}.Debug|x86.ActiveCfg = Debug|x86
		{B15D44D4-3713-448B-A90F-58ADFF58AD4E}.Debug|x86.Build.0 = Debug|x86
		{B15D44D4-3713-448B-A90F-58ADFF58AD4E}.Release|Any CPU.ActiveCfg = Release|x86
		{B15D44D4-3713-448B-A90F-58ADFF58AD4E}.Release|Mixed Platforms.ActiveCfg = Release|x86
		{B15D44D4-3713-448B-A90F-58ADFF58AD4E}.Release|Mixed Platforms.Build.0 = Release|x86
		{B15D44D4-3713-448B-A90F-58ADFF58AD4E}.Release|x86.ActiveCfg = Release|x86
		{B15D44D4-3713-448B-A90F-58ADFF58AD4E}.Release|x86.Build.0 = Release|x86
		{25A76B3A-2E74-4EE7-9028-B7F8C479CBCD}.Debug|Any CPU.ActiveCfg = Debug|x86
		{25A76B3A-2E74-4EE7-9028-B7F8C479CBCD}.Debug|Mixed Platforms.ActiveCfg = Debug|x86
		{25A76B3A-2E74-4EE7-9028-B7F8C479CBCD}.Debug|Mixed Platforms.Build.0 = Debug|x86
		{25A76B3A-2E74-4EE7-9028-B7F8C479CBCD}.Debug|x86.ActiveCfg = Debug|x86
		{25A76B3A-2E74-4EE7-9028-B7F8C479CBCD}.Debug|x86.Build.0 = Debug|x86
		{25A76B3A-2E74-4EE7-9028-B7F8C479CBCD}.Release|Any CPU.ActiveCfg = Release|x86
		{25A76B3A-2E74-4EE7-9028-B7F8C479CBCD}.Release|Mixed Platforms.ActiveCfg = Release|x86
		{25A76B3A-2E74-4EE7-9028-B7F8C479CBCD}.Release|Mixed Platforms.Build.0 = Release|x86
		{25A76B3A-2E74-4EE7-9028-B7F8C479CBCD}.Release|x86.ActiveCfg = Release|x86
		{25A76B3A-2E74-4EE7-9028-B7F8C479CBCD}.Release|x86.Build.0 = Release|x86
		{FDC5BF97-D46E-4EBA-8BA4-30D648CBE2A4}.Debug|Any CPU.ActiveCfg = Debug|x86
		{FDC5BF97-D46E-4EBA-8BA4-30D648CBE2A4}.Debug|Mixed Platforms.ActiveCfg = Debug|x86
		{FDC5BF97-D46E-4EBA-8BA4-30D648CBE2A4}.Debug|Mixed Platforms.Build.0 = Debug|x86
		{FDC5BF97-D46E-4EBA-8BA4-30D648CBE2A4}.Debug|x86.ActiveCfg = Debug|x86
		{FDC5BF97-D46E-4EBA-8BA4-30D648CBE2A4}.Debug|x86.Build.0 = Debug|x86
		{FDC5BF97-D46E-4EBA-8BA4-30D648CBE2A4}.Release|Any CPU.ActiveCfg = Release|x86
		{FDC5BF97-D46E-4EBA-8BA4-30D648CBE2A4}.Release|Mixed Platforms.ActiveCfg = Release|x86
		{FDC5BF97-D46E-4EBA-8BA4-30D648CBE2A4}.Release|Mixed Platforms.Build.0 = Release|x86
		{FDC5BF97-D46E-4EBA-8BA4-30D648CBE2A4}.Release|x86.ActiveCfg = Release|x86
		{FDC5BF97-D46E-4EBA-8BA4-30D648CBE2A4}.Release|x86.Build.0 = Release|x86
		{95B4D659-581D-4239-BE1E-3A4D830A39EC}.Debug|Any CPU.ActiveCfg = Debug|x86
		{95B4D659-581D-4239-BE1E-3A4D830A39EC}.Debug|Mixed Platforms.ActiveCfg = Debug|x86
		{95B4D659-581D-4239-BE1E-3A4D830A39EC}.Debug|Mixed Platforms.Build.0 = Debug|x86
		{95B4D659-581D-4239-BE1E-3A4D830A39EC}.Debug|x86.ActiveCfg = Debug|x86
		{95B4D659-581D-4239-BE1E-3A4D830A39EC}.Debug|x86.Build.0 = Debug|x86
		{95B4D659-581D-4239-BE1E-3A4D830A39EC}.Release|Any CPU.ActiveCfg = Release|x86
		{95B4D659-581D-4239-BE1E-3A4D830A39EC}.Release|Mixed Platforms.ActiveCfg = Release|x86
		{95B4D659-581D-4239-BE1E-3A4D830A39EC}.Release|Mixed Platforms.Build.0 = Release|x86
		{95B4D659-581D-4239-BE1E-3A4D830A39EC}.Release|x86.ActiveCfg = Release|x86
		{95B4D659-581D-4239-BE1E-3A4D830A39EC}.Release|x86.Build.0 = Release|x86
		{378E45BD-B18B-4057-BDF5-CF2CDE1175CB}.Debug|Any CPU.ActiveCfg = Debug|x86
		{378E45BD-B18B-4057-BDF5-CF2CDE1175CB}.Debug|Mixed Platforms.ActiveCfg = Debug|x86
		{378E45BD-B18B-4057-BDF5-CF2CDE1175CB}.Debug|Mixed Platforms.Build.0 = Debug|x86
		{378E45BD-B18B-4057-BDF5-CF2CDE1175CB}.Debug|x86.ActiveCfg = Debug|x86
		{378E45BD-B18B-4057-BDF5-CF2CDE1175CB}.Debug|x86.Build.0 = Debug|x86
		{378E45BD-B18B-4057-BDF5-CF2CDE1175CB}.Release|Any CPU.ActiveCfg = Release|x86
		{378E45BD-B18B-4057-BDF5-CF2CDE1175CB}.Release|Mixed Platforms.ActiveCfg = Release|x86
		{378E45BD-B18B-4057-BDF5-CF2CDE1175CB}.Release|Mixed Platforms.Build.0 = Release|x86
		{378E45BD-B18B-4057-BDF5-CF2CDE1175CB}.Release|x86.ActiveCfg = Release|x86
		{378E45BD-B18B-4057-BDF5-CF2CDE1175CB}.Release|x86.Build.0 = Release|x86
		{A7B94296-2CB4-460B-8E68-3B967EEB67DB}.Debug|Any CPU.ActiveCfg = Debug|x86
		{A7B94296-2CB4-460B-8E68-3B967EEB67DB}.Debug|Mixed Platforms.ActiveCfg = Debug|x86
		{A7B94296-2CB4-460B-8E68-3B967EEB67DB}.Debug|Mixed Platforms.Build.0 = Debug|x86
		{A7B94296-2CB4-460B-8E68-3B967EEB67DB}.Debug|x86.ActiveCfg = Debug|x86
		{A7B94296-2CB4-460B-8E68-3B967EEB67DB}.Debug|x86.Build.0 = Debug|x86
		{A7B94296-2CB4-460B-8E68-3B967EEB67DB}.Release|Any CPU.ActiveCfg = Release|x86
		{A7B94296-2CB4-460B-8E68-3B967EEB67DB}.Release|Mixed Platforms.ActiveCfg = Release|x86
		{A7B94296-2CB4-460B-8E68-3B967EEB67DB}.Release|Mixed Platforms.Build.0 = Release|x86
		{A7B94296-2CB4-460B-8E68-3B967EEB67DB}.Release|x86.ActiveCfg = Release|x86
		{A7B94296-2CB4-460B-8E68-3B967EEB67DB}.Release|x86.Build.0 = Release|x86
		{467EC1B3-031C-456D-8936-27F9FA0AC5B5}.Debug|Any CPU.ActiveCfg = Debug|x86
		{467EC1B3-031C-456D-8936-27F9FA0AC5B5}.Debug|Mixed Platforms.ActiveCfg = Debug|x86
		{467EC1B3-031C-456D-8936-27F9FA0AC5B5}.Debug|Mixed Platforms.Build.0 = Debug|x86
		{467EC1B3-031C-456D-8936-27F9FA0AC5B5}.Debug|x86.ActiveCfg = Debug|x86
		{467EC1B3-031C-456D-8936-27F9FA0AC5B5}.Debug|x86.Build.0 = Debug|x86
		{467EC1B3-031C-456D-8936-27F9FA0AC5B5}.Release|Any CPU.ActiveCfg = Release|x86
		{467EC1B3-031C-456D-8936-27F9FA0AC5B5}.Release|Mixed Platforms.ActiveCfg = Release|x86
		{467EC1B3-031C-456D-8936-27F9FA0AC5B5}.Release|Mixed Platforms.Build.0 = Release|x86
		{467EC1B3-031C-456D-8936-27F9FA0AC5B5}.Release|x86.ActiveCfg = Release|x86
		{467EC1B3-031C-456D-8936-27F9FA0AC5B5}.Release|x86.Build.0 = Release|x86
		{652FD067-FF9B-4E35-9236-07A31FE7675A}.Debug|Any CPU.ActiveCfg = Debug|x86
		{652FD067-FF9B-4E35-9236-07A31FE7675A}.Debug|Mixed Platforms.ActiveCfg = Debug|x86
		{652FD067-FF9B-4E35-9236-07A31FE7675A}.Debug|Mixed Platforms.Build.0 = Debug|x86
		{652FD067-FF9B-4E35-9236-07A31FE7675A}.Debug|x86.ActiveCfg = Debug|x86
		{652FD067-FF9B-4E35-9236-07A31FE7675A}.Debug|x86.Build.0 = Debug|x86
		{652FD067-FF9B-4E35-9236-07A31FE7675A}.Release|Any CPU.ActiveCfg = Release|x86
		{652FD067-FF9B-4E35-9236-07A31FE7675A}.Release|Mixed Platforms.ActiveCfg = Release|x86
		{652FD067-FF9B-4E35-9236-07A31FE7675A}.Release|Mixed Platforms.Build.0 = Release|x86
		{652FD067-FF9B-4E35-9236-07A31FE7675A}.Release|x86.ActiveCfg = Release|x86
		{652FD067-FF9B-4E35-9236-07A31FE7675A}.Release|x86.Build.0 = Release|x86
		{BD8EDC99-62CE-4018-9C03-0C084271F796}.Debug|Any CPU.ActiveCfg = Debug|x86
		{BD8EDC99-62CE-4018-9C03-0C084271F796}.Debug|Mixed Platforms.ActiveCfg = Debug|x86
		{BD8EDC99-62CE-4018-9C03-0C084271F796}.Debug|Mixed Platforms.Build.0 = Debug|x86
		{BD8EDC99-62CE-4018-9C03-0C084271F796}.Debug|x86.ActiveCfg = Debug|x86
		{BD8EDC99-62CE-4018-9C03-0C084271F796}.Debug|x86.Build.0 = Debug|x86
		{BD8EDC99-62CE-4018-9C03-0C084271F796}.Release|Any CPU.ActiveCfg = Release|x86
		{BD8EDC99-62CE-4018-9C03-0C084271F796}.Release|Mixed Platforms.ActiveCfg = Release|x86
		{BD8EDC99-62CE-4018-9C03-0C084271F796}.Release|Mixed Platforms.Build.0 = Release|x86
		{BD8EDC99-62CE-4018-9C03-0C084271F796}.Release|x86.ActiveCfg = Release|x86
		{BD8EDC99-62CE-4018-9C03-0C084271F796}.Release|x86.Build.0 = Release|x86
		{31FEE58C-73A9-4D26-9F6B-53CDF71B777A}.Debug|Any CPU.ActiveCfg = Debug|x86
		{31FEE58C-73A9-4D26-9F6B-53CDF71B777A}.Debug|Mixed Platforms.ActiveCfg = Debug|x86
		{31FEE58C-73A9-4D26-9F6B-53CDF71B777A}.Debug|Mixed Platforms.Build.0 = Debug|x86
		{31FEE58C-73A9-4D26-9F6B-53CDF71B777A}.Debug|x86.ActiveCfg = Debug|x86
		{31FEE58C-73A9-4D26-9F6B-53CDF71B777A}.Debug|x86.Build.0 = Debug|x86
		{31FEE58C-73A9-4D26-9F6B-53CDF71B777A}.Release|Any CPU.ActiveCfg = Release|x86
		{31FEE58C-73A9-4D26-9F6B-53CDF71B777A}.Release|Mixed Platforms.ActiveCfg = Release|x86
		{31FEE58C-73A9-4D26-9F6B-53CDF71B777A}.Release|Mixed Platforms.Build.0 = Release|x86
		{31FEE58C-73A9-4D26-9F6B-53CDF71B777A}.Release|x86.ActiveCfg = Release|x86
		{31FEE58C-73A9-4D26-9F6B-53CDF71B777A}.Release|x86.Build.0 = Release|x86
		{2FF1CBFC-F7D9-40ED-808A-729FE51D85CD}.Debug|Any CPU.ActiveCfg = Debug|x86
		{2FF1CBFC-F7D9-40ED-808A-729FE51D85CD}.Debug|Mixed Platforms.ActiveCfg = Debug|x86
		{2FF1CBFC-F7D9-40ED-808A-729FE51D85CD}.Debug|Mixed Platforms.Build.0 = Debug|x86
		{2FF1CBFC-F7D9-40ED-808A-729FE51D85CD}.Debug|x86.ActiveCfg = Debug|x86
		{2FF1CBFC-F7D9-40ED-808A-729FE51D85CD}.Debug|x86.Build.0 = Debug|x86
		{2FF1CBFC-F7D9-40ED-808A-729FE51D85CD}.Release|Any CPU.ActiveCfg = Release|x86
		{2FF1CBFC-F7D9-40ED-808A-729FE51D85CD}.Release|Mixed Platforms.ActiveCfg = Release|x86
		{2FF1CBFC-F7D9-40ED-808A-729FE51D85CD}.Release|Mixed Platforms.Build.0 = Release|x86
		{2FF1CBFC-F7D9-40ED-808A-729FE51D85CD}.Release|x86.ActiveCfg = Release|x86
		{2FF1CBFC-F7D9-40ED-808A-729FE51D85CD}.Release|x86.Build.0 = Release|x86
		{62D65892-F9B2-4F7D-B100-D5AFD5A0C4E6}.Debug|Any CPU.ActiveCfg = Debug|x86
		{62D65892-F9B2-4F7D-B100-D5AFD5A0C4E6}.Debug|Mixed Platforms.ActiveCfg = Debug|x86
		{62D65892-F9B2-4F7D-B100-D5AFD5A0C4E6}.Debug|Mixed Platforms.Build.0 = Debug|x86
		{62D65892-F9B2-4F7D-B100-D5AFD5A0C4E6}.Debug|x86.ActiveCfg = Debug|x86
		{62D65892-F9B2-4F7D-B100-D5AFD5A0C4E6}.Debug|x86.Build.0 = Debug|x86
		{62D65892-F9B2-4F7D-B100-D5AFD5A0C4E6}.Release|Any CPU.ActiveCfg = Release|x86
		{62D65892-F9B2-4F7D-B100-D5AFD5A0C4E6}.Release|Mixed Platforms.ActiveCfg = Release|x86
		{62D65892-F9B2-4F7D-B100-D5AFD5A0C4E6}.Release|Mixed Platforms.Build.0 = Release|x86
		{62D65892-F9B2-4F7D-B100-D5AFD5A0C4E6}.Release|x86.ActiveCfg = Release|x86
		{62D65892-F9B2-4F7D-B100-D5AFD5A0C4E6}.Release|x86.Build.0 = Release|x86
		{216EBD7F-B656-486C-BA9D-3DB55CB969C8}.Debug|Any CPU.ActiveCfg = Debug|x86
		{216EBD7F-B656-486C-BA9D-3DB55CB969C8}.Debug|Mixed Platforms.ActiveCfg = Debug|x86
		{216EBD7F-B656-486C-BA9D-3DB55CB969C8}.Debug|Mixed Platforms.Build.0 = Debug|x86
		{216EBD7F-B656-486C-BA9D-3DB55CB969C8}.Debug|x86.ActiveCfg = Debug|x86
		{216EBD7F-B656-486C-BA9D-3DB55CB969C8}.Debug|x86.Build.0 = Debug|x86
		{216EBD7F-B656-486C-BA9D-3DB55CB969C8}.Release|Any CPU.ActiveCfg = Release|x86
		{216EBD7F-B656-486C-BA9D-3DB55CB969C8}.Release|Mixed Platforms.ActiveCfg = Release|x86
		{216EBD7F-B656-486C-BA9D-3DB55CB969C8}.Release|Mixed Platforms.Build.0 = Release|x86
		{216EBD7F-B656-486C-BA9D-3DB55CB969C8}.Release|x86.ActiveCfg = Release|x86
		{216EBD7F-B656-486C-BA9D-3DB55CB969C8}.Release|x86.Build.0 = Release|x86
		{61C473F5-B966-43B5-81DB-129EBFBB1923}.Debug|Any CPU.ActiveCfg = Debug|x86
		{61C473F5-B966-43B5-81DB-129EBFBB1923}.Debug|Mixed Platforms.ActiveCfg = Debug|x86
		{61C473F5-B966-43B5-81DB-129EBFBB1923}.Debug|Mixed Platforms.Build.0 = Debug|x86
		{61C473F5-B966-43B5-81DB-129EBFBB1923}.Debug|x86.ActiveCfg = Debug|x86
		{61C473F5-B966-43B5-81DB-129EBFBB1923}.Debug|x86.Build.0 = Debug|x86
		{61C473F5-B966-43B5-81DB-129EBFBB1923}.Release|Any CPU.ActiveCfg = Release|x86
		{61C473F5-B966-43B5-81DB-129EBFBB1923}.Release|Mixed Platforms.ActiveCfg = Release|x86
		{61C473F5-B966-43B5-81DB-129EBFBB1923}.Release|Mixed Platforms.Build.0 = Release|x86
		{61C473F5-B966-43B5-81DB-129EBFBB1923}.Release|x86.ActiveCfg = Release|x86
		{61C473F5-B966-43B5-81DB-129EBFBB1923}.Release|x86.Build.0 = Release|x86
		{6DBF5D0E-3EB2-4913-865D-FF9DE866AFD4}.Debug|Any CPU.ActiveCfg = Debug|x86
		{6DBF5D0E-3EB2-4913-865D-FF9DE866AFD4}.Debug|Mixed Platforms.ActiveCfg = Debug|x86
		{6DBF5D0E-3EB2-4913-865D-FF9DE866AFD4}.Debug|Mixed Platforms.Build.0 = Debug|x86
		{6DBF5D0E-3EB2-4913-865D-FF9DE866AFD4}.Debug|x86.ActiveCfg = Debug|x86
		{6DBF5D0E-3EB2-4913-865D-FF9DE866AFD4}.Debug|x86.Build.0 = Debug|x86
		{6DBF5D0E-3EB2-4913-865D-FF9DE866AFD4}.Release|Any CPU.ActiveCfg = Release|x86
		{6DBF5D0E-3EB2-4913-865D-FF9DE866AFD4}.Release|Mixed Platforms.ActiveCfg = Release|x86
		{6DBF5D0E-3EB2-4913-865D-FF9DE866AFD4}.Release|Mixed Platforms.Build.0 = Release|x86
		{6DBF5D0E-3EB2-4913-865D-FF9DE866AFD4}.Release|x86.ActiveCfg = Release|x86
		{6DBF5D0E-3EB2-4913-865D-FF9DE866AFD4}.Release|x86.Build.0 = Release|x86
		{00AABDEC-4F14-44AE-8801-6EAFA7C9EC93}.Debug|Any CPU.ActiveCfg = Debug|x86
		{00AABDEC-4F14-44AE-8801-6EAFA7C9EC93}.Debug|Mixed Platforms.ActiveCfg = Debug|x86
		{00AABDEC-4F14-44AE-8801-6EAFA7C9EC93}.Debug|Mixed Platforms.Build.0 = Debug|x86
		{00AABDEC-4F14-44AE-8801-6EAFA7C9EC93}.Debug|x86.ActiveCfg = Debug|x86
		{00AABDEC-4F14-44AE-8801-6EAFA7C9EC93}.Debug|x86.Build.0 = Debug|x86
		{00AABDEC-4F14-44AE-8801-6EAFA7C9EC93}.Release|Any CPU.ActiveCfg = Release|x86
		{00AABDEC-4F14-44AE-8801-6EAFA7C9EC93}.Release|Mixed Platforms.ActiveCfg = Release|x86
		{00AABDEC-4F14-44AE-8801-6EAFA7C9EC93}.Release|Mixed Platforms.Build.0 = Release|x86
		{00AABDEC-4F14-44AE-8801-6EAFA7C9EC93}.Release|x86.ActiveCfg = Release|x86
		{00AABDEC-4F14-44AE-8801-6EAFA7C9EC93}.Release|x86.Build.0 = Release|x86
		{D0A1BA2E-A1E6-4A6F-9C84-9952825C49E9}.Debug|Any CPU.ActiveCfg = Debug|x86
		{D0A1BA2E-A1E6-4A6F-9C84-9952825C49E9}.Debug|Mixed Platforms.ActiveCfg = Debug|x86
		{D0A1BA2E-A1E6-4A6F-9C84-9952825C49E9}.Debug|Mixed Platforms.Build.0 = Debug|x86
		{D0A1BA2E-A1E6-4A6F-9C84-9952825C49E9}.Debug|x86.ActiveCfg = Debug|x86
		{D0A1BA2E-A1E6-4A6F-9C84-9952825C49E9}.Debug|x86.Build.0 = Debug|x86
		{D0A1BA2E-A1E6-4A6F-9C84-9952825C49E9}.Release|Any CPU.ActiveCfg = Release|x86
		{D0A1BA2E-A1E6-4A6F-9C84-9952825C49E9}.Release|Mixed Platforms.ActiveCfg = Release|x86
		{D0A1BA2E-A1E6-4A6F-9C84-9952825C49E9}.Release|Mixed Platforms.Build.0 = Release|x86
		{D0A1BA2E-A1E6-4A6F-9C84-9952825C49E9}.Release|x86.ActiveCfg = Release|x86
		{D0A1BA2E-A1E6-4A6F-9C84-9952825C49E9}.Release|x86.Build.0 = Release|x86
		{4D7D9BFC-64A1-40A7-9B8F-2E5F4C623E73}.Debug|Any CPU.ActiveCfg = Debug|x86
		{4D7D9BFC-64A1-40A7-9B8F-2E5F4C623E73}.Debug|Mixed Platforms.ActiveCfg = Debug|x86
		{4D7D9BFC-64A1-40A7-9B8F-2E5F4C623E73}.Debug|Mixed Platforms.Build.0 = Debug|x86
		{4D7D9BFC-64A1-40A7-9B8F-2E5F4C623E73}.Debug|x86.ActiveCfg = Debug|x86
		{4D7D9BFC-64A1-40A7-9B8F-2E5F4C623E73}.Debug|x86.Build.0 = Debug|x86
		{4D7D9BFC-64A1-40A7-9B8F-2E5F4C623E73}.Release|Any CPU.ActiveCfg = Release|x86
		{4D7D9BFC-64A1-40A7-9B8F-2E5F4C623E73}.Release|Mixed Platforms.ActiveCfg = Release|x86
		{4D7D9BFC-64A1-40A7-9B8F-2E5F4C623E73}.Release|Mixed Platforms.Build.0 = Release|x86
		{4D7D9BFC-64A1-40A7-9B8F-2E5F4C623E73}.Release|x86.ActiveCfg = Release|x86
		{4D7D9BFC-64A1-40A7-9B8F-2E5F4C623E73}.Release|x86.Build.0 = Release|x86
		{4BC241E2-A821-49D0-AEB2-04B2E7062CAE}.Debug|Any CPU.ActiveCfg = Debug|x86
		{4BC241E2-A821-49D0-AEB2-04B2E7062CAE}.Debug|Mixed Platforms.ActiveCfg = Debug|x86
		{4BC241E2-A821-49D0-AEB2-04B2E7062CAE}.Debug|Mixed Platforms.Build.0 = Debug|x86
		{4BC241E2-A821-49D0-AEB2-04B2E7062CAE}.Debug|x86.ActiveCfg = Debug|x86
		{4BC241E2-A821-49D0-AEB2-04B2E7062CAE}.Debug|x86.Build.0 = Debug|x86
		{4BC241E2-A821-49D0-AEB2-04B2E7062CAE}.Release|Any CPU.ActiveCfg = Release|x86
		{4BC241E2-A821-49D0-AEB2-04B2E7062CAE}.Release|Mixed Platforms.ActiveCfg = Release|x86
		{4BC241E2-A821-49D0-AEB2-04B2E7062CAE}.Release|Mixed Platforms.Build.0 = Release|x86
		{4BC241E2-A821-49D0-AEB2-04B2E7062CAE}.Release|x86.ActiveCfg = Release|x86
		{4BC241E2-A821-49D0-AEB2-04B2E7062CAE}.Release|x86.Build.0 = Release|x86
		{2FBC571B-7129-48EA-BDC3-34B295B14CBD}.Debug|Any CPU.ActiveCfg = Debug|x86
		{2FBC571B-7129-48EA-BDC3-34B295B14CBD}.Debug|Mixed Platforms.ActiveCfg = Debug|x86
		{2FBC571B-7129-48EA-BDC3-34B295B14CBD}.Debug|Mixed Platforms.Build.0 = Debug|x86
		{2FBC571B-7129-48EA-BDC3-34B295B14CBD}.Debug|x86.ActiveCfg = Debug|x86
		{2FBC571B-7129-48EA-BDC3-34B295B14CBD}.Debug|x86.Build.0 = Debug|x86
		{2FBC571B-7129-48EA-BDC3-34B295B14CBD}.Release|Any CPU.ActiveCfg = Release|x86
		{2FBC571B-7129-48EA-BDC3-34B295B14CBD}.Release|Mixed Platforms.ActiveCfg = Release|x86
		{2FBC571B-7129-48EA-BDC3-34B295B14CBD}.Release|Mixed Platforms.Build.0 = Release|x86
		{2FBC571B-7129-48EA-BDC3-34B295B14CBD}.Release|x86.ActiveCfg = Release|x86
		{2FBC571B-7129-48EA-BDC3-34B295B14CBD}.Release|x86.Build.0 = Release|x86
		{084E3E4D-D78D-4A9A-A8B2-C80911711736}.Debug|Any CPU.ActiveCfg = Debug|x86
		{084E3E4D-D78D-4A9A-A8B2-C80911711736}.Debug|Mixed Platforms.ActiveCfg = Debug|x86
		{084E3E4D-D78D-4A9A-A8B2-C80911711736}.Debug|Mixed Platforms.Build.0 = Debug|x86
		{084E3E4D-D78D-4A9A-A8B2-C80911711736}.Debug|x86.ActiveCfg = Debug|x86
		{084E3E4D-D78D-4A9A-A8B2-C80911711736}.Debug|x86.Build.0 = Debug|x86
		{084E3E4D-D78D-4A9A-A8B2-C80911711736}.Release|Any CPU.ActiveCfg = Release|x86
		{084E3E4D-D78D-4A9A-A8B2-C80911711736}.Release|Mixed Platforms.ActiveCfg = Release|x86
		{084E3E4D-D78D-4A9A-A8B2-C80911711736}.Release|Mixed Platforms.Build.0 = Release|x86
		{084E3E4D-D78D-4A9A-A8B2-C80911711736}.Release|x86.ActiveCfg = Release|x86
		{084E3E4D-D78D-4A9A-A8B2-C80911711736}.Release|x86.Build.0 = Release|x86
		{98BC921F-0198-4DA0-8CDB-515017A350CD}.Debug|Any CPU.ActiveCfg = Debug|x86
		{98BC921F-0198-4DA0-8CDB-515017A350CD}.Debug|Mixed Platforms.ActiveCfg = Debug|x86
		{98BC921F-0198-4DA0-8CDB-515017A350CD}.Debug|Mixed Platforms.Build.0 = Debug|x86
		{98BC921F-0198-4DA0-8CDB-515017A350CD}.Debug|x86.ActiveCfg = Debug|x86
		{98BC921F-0198-4DA0-8CDB-515017A350CD}.Debug|x86.Build.0 = Debug|x86
		{98BC921F-0198-4DA0-8CDB-515017A350CD}.Release|Any CPU.ActiveCfg = Release|x86
		{98BC921F-0198-4DA0-8CDB-515017A350CD}.Release|Mixed Platforms.ActiveCfg = Release|x86
		{98BC921F-0198-4DA0-8CDB-515017A350CD}.Release|Mixed Platforms.Build.0 = Release|x86
		{98BC921F-0198-4DA0-8CDB-515017A350CD}.Release|x86.ActiveCfg = Release|x86
		{98BC921F-0198-4DA0-8CDB-515017A350CD}.Release|x86.Build.0 = Release|x86
	EndGlobalSection
	GlobalSection(SolutionProperties) = preSolution
		HideSolutionNode = FALSE
	EndGlobalSection
	GlobalSection(NestedProjects) = preSolution
		{9D8DB651-FD14-4E1F-A8E1-AF0AACE2AC6D} = {174ED7D9-A558-4199-93EC-23CE952F4377}
		{C5654B24-2C9E-4372-A965-0AFF3F3000CA} = {9D8DB651-FD14-4E1F-A8E1-AF0AACE2AC6D}
		{63288B59-405E-42F7-B99D-067531AF1723} = {9D8DB651-FD14-4E1F-A8E1-AF0AACE2AC6D}
		{6D07748B-BCE6-4298-829F-9A3666092442} = {9D8DB651-FD14-4E1F-A8E1-AF0AACE2AC6D}
		{662B3A4B-F670-46F8-8F65-0388EB51C583} = {9D8DB651-FD14-4E1F-A8E1-AF0AACE2AC6D}
		{E120F353-BBD1-4A70-9D37-C8602B8F1746} = {174ED7D9-A558-4199-93EC-23CE952F4377}
		{4998329C-96B6-4215-A05C-7BBB67DCA72E} = {174ED7D9-A558-4199-93EC-23CE952F4377}
		{BF3C2733-F73E-41A2-B0C5-763AE987CF60} = {174ED7D9-A558-4199-93EC-23CE952F4377}
		{519AA828-7637-4EA7-85F0-02AF76E36E60} = {174ED7D9-A558-4199-93EC-23CE952F4377}
		{0944AD2A-8B17-4D94-AFD6-5D39481EE28A} = {E120F353-BBD1-4A70-9D37-C8602B8F1746}
		{9BD7CEC3-32F9-4834-9D9C-15724E126841} = {E120F353-BBD1-4A70-9D37-C8602B8F1746}
		{0A8CF150-EE08-4FEF-B18B-FFEF7CB65320} = {E120F353-BBD1-4A70-9D37-C8602B8F1746}
		{808C9F3F-EA69-4A0F-BA03-2504AF3E7F7D} = {E120F353-BBD1-4A70-9D37-C8602B8F1746}
		{B15D44D4-3713-448B-A90F-58ADFF58AD4E} = {E120F353-BBD1-4A70-9D37-C8602B8F1746}
		{25A76B3A-2E74-4EE7-9028-B7F8C479CBCD} = {4998329C-96B6-4215-A05C-7BBB67DCA72E}
		{FDC5BF97-D46E-4EBA-8BA4-30D648CBE2A4} = {4998329C-96B6-4215-A05C-7BBB67DCA72E}
		{95B4D659-581D-4239-BE1E-3A4D830A39EC} = {4998329C-96B6-4215-A05C-7BBB67DCA72E}
		{378E45BD-B18B-4057-BDF5-CF2CDE1175CB} = {4998329C-96B6-4215-A05C-7BBB67DCA72E}
		{A7B94296-2CB4-460B-8E68-3B967EEB67DB} = {4998329C-96B6-4215-A05C-7BBB67DCA72E}
		{467EC1B3-031C-456D-8936-27F9FA0AC5B5} = {BF3C2733-F73E-41A2-B0C5-763AE987CF60}
		{652FD067-FF9B-4E35-9236-07A31FE7675A} = {BF3C2733-F73E-41A2-B0C5-763AE987CF60}
		{BD8EDC99-62CE-4018-9C03-0C084271F796} = {BF3C2733-F73E-41A2-B0C5-763AE987CF60}
		{31FEE58C-73A9-4D26-9F6B-53CDF71B777A} = {BF3C2733-F73E-41A2-B0C5-763AE987CF60}
		{2FF1CBFC-F7D9-40ED-808A-729FE51D85CD} = {BF3C2733-F73E-41A2-B0C5-763AE987CF60}
		{62D65892-F9B2-4F7D-B100-D5AFD5A0C4E6} = {519AA828-7637-4EA7-85F0-02AF76E36E60}
		{216EBD7F-B656-486C-BA9D-3DB55CB969C8} = {519AA828-7637-4EA7-85F0-02AF76E36E60}
		{61C473F5-B966-43B5-81DB-129EBFBB1923} = {519AA828-7637-4EA7-85F0-02AF76E36E60}
		{6DBF5D0E-3EB2-4913-865D-FF9DE866AFD4} = {519AA828-7637-4EA7-85F0-02AF76E36E60}
		{00AABDEC-4F14-44AE-8801-6EAFA7C9EC93} = {519AA828-7637-4EA7-85F0-02AF76E36E60}
		{D0A1BA2E-A1E6-4A6F-9C84-9952825C49E9} = {AFB5265B-5F3B-49F3-8644-CE4B595C1D0E}
		{4D7D9BFC-64A1-40A7-9B8F-2E5F4C623E73} = {9D8DB651-FD14-4E1F-A8E1-AF0AACE2AC6D}
		{4BC241E2-A821-49D0-AEB2-04B2E7062CAE} = {9D8DB651-FD14-4E1F-A8E1-AF0AACE2AC6D}
		{2FBC571B-7129-48EA-BDC3-34B295B14CBD} = {9D8DB651-FD14-4E1F-A8E1-AF0AACE2AC6D}
		{084E3E4D-D78D-4A9A-A8B2-C80911711736} = {BF3C2733-F73E-41A2-B0C5-763AE987CF60}
		{98BC921F-0198-4DA0-8CDB-515017A350CD} = {BF3C2733-F73E-41A2-B0C5-763AE987CF60}
	EndGlobalSection
	GlobalSection(ExtensibilityGlobals) = postSolution
		SolutionGuid = {4BACD674-62F1-4C90-97CF-C84406850139}
	EndGlobalSection
	GlobalSection(TestCaseManagementSettings) = postSolution
		CategoryFile = KwCombinatorics.vsmdi
	EndGlobalSection
EndGlobal
